Microsoft Visual Studio Solution File, Format Version 12.00
# Visual Studio 14
VisualStudioVersion = 14.0.23107.0
MinimumVisualStudioVersion = 10.0.40219.1
Project("{8BB2217D-0F2D-49D1-97BC-3654ED321F3B}") = "Microsoft.Extensions.Logging", "src\Microsoft.Extensions.Logging\Microsoft.Extensions.Logging.xproj", "{19D1B6C5-8A62-4387-8816-C54874D1DF5F}"
EndProject
Project("{2150E333-8FDC-42A3-9474-1A3956D46DE8}") = "test", "test", "{09920C51-6220-4D8D-94DC-E70C13446187}"
EndProject
Project("{8BB2217D-0F2D-49D1-97BC-3654ED321F3B}") = "Microsoft.Extensions.Logging.Abstractions", "src\Microsoft.Extensions.Logging.Abstractions\Microsoft.Extensions.Logging.Abstractions.xproj", "{8221FA95-4B1A-44BF-925F-8AC1A317CC7C}"
EndProject
Project("{2150E333-8FDC-42A3-9474-1A3956D46DE8}") = "samples", "samples", "{8C1F5D80-88EA-4961-84DC-7AC6E13951F4}"
EndProject
Project("{2150E333-8FDC-42A3-9474-1A3956D46DE8}") = "src", "src", "{699DB330-0095-4266-B7B0-3EAB3710CA49}"
EndProject
Project("{8BB2217D-0F2D-49D1-97BC-3654ED321F3B}") = "Microsoft.Extensions.Logging.Observer", "src\Microsoft.Extensions.Logging.Observer\Microsoft.Extensions.Logging.Observer.xproj", "{F736CAFA-85BA-4D2C-9786-BB95BCB984B7}"
EndProject
Project("{8BB2217D-0F2D-49D1-97BC-3654ED321F3B}") = "SampleApp", "samples\SampleApp\SampleApp.xproj", "{FB65A92B-0322-4432-B32A-A9584C85E1AA}"
EndProject
Global
	GlobalSection(SolutionConfigurationPlatforms) = preSolution
		Debug|Any CPU = Debug|Any CPU
		Debug|Mixed Platforms = Debug|Mixed Platforms
		Debug|x86 = Debug|x86
		Release|Any CPU = Release|Any CPU
		Release|Mixed Platforms = Release|Mixed Platforms
		Release|x86 = Release|x86
	EndGlobalSection
	GlobalSection(ProjectConfigurationPlatforms) = postSolution
		{19D1B6C5-8A62-4387-8816-C54874D1DF5F}.Debug|Any CPU.ActiveCfg = Debug|Any CPU
		{19D1B6C5-8A62-4387-8816-C54874D1DF5F}.Debug|Any CPU.Build.0 = Debug|Any CPU
		{19D1B6C5-8A62-4387-8816-C54874D1DF5F}.Debug|Mixed Platforms.ActiveCfg = Debug|Any CPU
		{19D1B6C5-8A62-4387-8816-C54874D1DF5F}.Debug|Mixed Platforms.Build.0 = Debug|Any CPU
		{19D1B6C5-8A62-4387-8816-C54874D1DF5F}.Debug|x86.ActiveCfg = Debug|Any CPU
		{19D1B6C5-8A62-4387-8816-C54874D1DF5F}.Release|Any CPU.ActiveCfg = Release|Any CPU
		{19D1B6C5-8A62-4387-8816-C54874D1DF5F}.Release|Any CPU.Build.0 = Release|Any CPU
		{19D1B6C5-8A62-4387-8816-C54874D1DF5F}.Release|Mixed Platforms.ActiveCfg = Release|Any CPU
		{19D1B6C5-8A62-4387-8816-C54874D1DF5F}.Release|Mixed Platforms.Build.0 = Release|Any CPU
		{19D1B6C5-8A62-4387-8816-C54874D1DF5F}.Release|x86.ActiveCfg = Release|Any CPU
		{8221FA95-4B1A-44BF-925F-8AC1A317CC7C}.Debug|Any CPU.ActiveCfg = Debug|Any CPU
		{8221FA95-4B1A-44BF-925F-8AC1A317CC7C}.Debug|Any CPU.Build.0 = Debug|Any CPU
		{8221FA95-4B1A-44BF-925F-8AC1A317CC7C}.Debug|Mixed Platforms.ActiveCfg = Debug|Any CPU
		{8221FA95-4B1A-44BF-925F-8AC1A317CC7C}.Debug|Mixed Platforms.Build.0 = Debug|Any CPU
		{8221FA95-4B1A-44BF-925F-8AC1A317CC7C}.Debug|x86.ActiveCfg = Debug|Any CPU
		{8221FA95-4B1A-44BF-925F-8AC1A317CC7C}.Release|Any CPU.ActiveCfg = Release|Any CPU
		{8221FA95-4B1A-44BF-925F-8AC1A317CC7C}.Release|Any CPU.Build.0 = Release|Any CPU
		{8221FA95-4B1A-44BF-925F-8AC1A317CC7C}.Release|Mixed Platforms.ActiveCfg = Release|Any CPU
		{8221FA95-4B1A-44BF-925F-8AC1A317CC7C}.Release|Mixed Platforms.Build.0 = Release|Any CPU
		{8221FA95-4B1A-44BF-925F-8AC1A317CC7C}.Release|x86.ActiveCfg = Release|Any CPU
		{F736CAFA-85BA-4D2C-9786-BB95BCB984B7}.Debug|Any CPU.ActiveCfg = Debug|Any CPU
		{F736CAFA-85BA-4D2C-9786-BB95BCB984B7}.Debug|Any CPU.Build.0 = Debug|Any CPU
		{F736CAFA-85BA-4D2C-9786-BB95BCB984B7}.Debug|Mixed Platforms.ActiveCfg = Debug|Any CPU
		{F736CAFA-85BA-4D2C-9786-BB95BCB984B7}.Debug|Mixed Platforms.Build.0 = Debug|Any CPU
		{F736CAFA-85BA-4D2C-9786-BB95BCB984B7}.Debug|x86.ActiveCfg = Debug|Any CPU
		{F736CAFA-85BA-4D2C-9786-BB95BCB984B7}.Debug|x86.Build.0 = Debug|Any CPU
		{F736CAFA-85BA-4D2C-9786-BB95BCB984B7}.Release|Any CPU.ActiveCfg = Release|Any CPU
		{F736CAFA-85BA-4D2C-9786-BB95BCB984B7}.Release|Any CPU.Build.0 = Release|Any CPU
		{F736CAFA-85BA-4D2C-9786-BB95BCB984B7}.Release|Mixed Platforms.ActiveCfg = Release|Any CPU
		{F736CAFA-85BA-4D2C-9786-BB95BCB984B7}.Release|Mixed Platforms.Build.0 = Release|Any CPU
		{F736CAFA-85BA-4D2C-9786-BB95BCB984B7}.Release|x86.ActiveCfg = Release|Any CPU
		{F736CAFA-85BA-4D2C-9786-BB95BCB984B7}.Release|x86.Build.0 = Release|Any CPU
		{FB65A92B-0322-4432-B32A-A9584C85E1AA}.Debug|Any CPU.ActiveCfg = Debug|Any CPU
		{FB65A92B-0322-4432-B32A-A9584C85E1AA}.Debug|Any CPU.Build.0 = Debug|Any CPU
		{FB65A92B-0322-4432-B32A-A9584C85E1AA}.Debug|Mixed Platforms.ActiveCfg = Debug|Any CPU
		{FB65A92B-0322-4432-B32A-A9584C85E1AA}.Debug|Mixed Platforms.Build.0 = Debug|Any CPU
		{FB65A92B-0322-4432-B32A-A9584C85E1AA}.Debug|x86.ActiveCfg = Debug|Any CPU
		{FB65A92B-0322-4432-B32A-A9584C85E1AA}.Debug|x86.Build.0 = Debug|Any CPU
		{FB65A92B-0322-4432-B32A-A9584C85E1AA}.Release|Any CPU.ActiveCfg = Release|Any CPU
		{FB65A92B-0322-4432-B32A-A9584C85E1AA}.Release|Any CPU.Build.0 = Release|Any CPU
		{FB65A92B-0322-4432-B32A-A9584C85E1AA}.Release|Mixed Platforms.ActiveCfg = Release|Any CPU
		{FB65A92B-0322-4432-B32A-A9584C85E1AA}.Release|Mixed Platforms.Build.0 = Release|Any CPU
		{FB65A92B-0322-4432-B32A-A9584C85E1AA}.Release|x86.ActiveCfg = Release|Any CPU
		{FB65A92B-0322-4432-B32A-A9584C85E1AA}.Release|x86.Build.0 = Release|Any CPU
	EndGlobalSection
	GlobalSection(SolutionProperties) = preSolution
		HideSolutionNode = FALSE
	EndGlobalSection
	GlobalSection(NestedProjects) = preSolution
		{19D1B6C5-8A62-4387-8816-C54874D1DF5F} = {699DB330-0095-4266-B7B0-3EAB3710CA49}
		{8221FA95-4B1A-44BF-925F-8AC1A317CC7C} = {699DB330-0095-4266-B7B0-3EAB3710CA49}
		{F736CAFA-85BA-4D2C-9786-BB95BCB984B7} = {699DB330-0095-4266-B7B0-3EAB3710CA49}
		{FB65A92B-0322-4432-B32A-A9584C85E1AA} = {8C1F5D80-88EA-4961-84DC-7AC6E13951F4}
	EndGlobalSection
EndGlobal
